
Microsoft Visual Studio Solution File, Format Version 12.00
# Visual Studio Version 17
VisualStudioVersion = 17.2.32602.215
MinimumVisualStudioVersion = 10.0.40219.1
Project("{FAE04EC0-301F-11D3-BF4B-00C04F79EFBC}") = "GereOficicina", "GereOficicina\GereOficicina.csproj", "{F7FE87B2-E8F0-459C-A11F-6206E4DFCCC3}"
EndProject
Global
	GlobalSection(SolutionConfigurationPlatforms) = preSolution
		Debug|Any CPU = Debug|Any CPU
		Release|Any CPU = Release|Any CPU
	EndGlobalSection
	GlobalSection(ProjectConfigurationPlatforms) = postSolution
		{F7FE87B2-E8F0-459C-A11F-6206E4DFCCC3}.Debug|Any CPU.ActiveCfg = Debug|Any CPU
		{F7FE87B2-E8F0-459C-A11F-6206E4DFCCC3}.Debug|Any CPU.Build.0 = Debug|Any CPU
		{F7FE87B2-E8F0-459C-A11F-6206E4DFCCC3}.Release|Any CPU.ActiveCfg = Release|Any CPU
		{F7FE87B2-E8F0-459C-A11F-6206E4DFCCC3}.Release|Any CPU.Build.0 = Release|Any CPU
	EndGlobalSection
	GlobalSection(SolutionProperties) = preSolution
		HideSolutionNode = FALSE
	EndGlobalSection
	GlobalSection(ExtensibilityGlobals) = postSolution
		SolutionGuid = {24536356-C2F0-4623-95CF-1B510CBB0E6F}
	EndGlobalSection
EndGlobal
